
Microsoft Visual Studio Solution File, Format Version 12.00
# Visual Studio Version 17
VisualStudioVersion = 17.0.31903.59
MinimumVisualStudioVersion = 10.0.40219.1
Project("{FAE04EC0-301F-11D3-BF4B-00C04F79EFBC}") = "Task2", "Task2\Task2.csproj", "{29B5C9DB-3321-4D13-BABF-5AAC415F094F}"
	ProjectSection(ProjectDependencies) = postProject
		{664388FE-BE40-41AB-AF2B-E529A839015E} = {664388FE-BE40-41AB-AF2B-E529A839015E}
	EndProjectSection
EndProject
Project("{FAE04EC0-301F-11D3-BF4B-00C04F79EFBC}") = "ClassLibrary", "ClassLibrary\ClassLibrary.csproj", "{664388FE-BE40-41AB-AF2B-E529A839015E}"
EndProject
Global
	GlobalSection(SolutionConfigurationPlatforms) = preSolution
		Debug|Any CPU = Debug|Any CPU
		Release|Any CPU = Release|Any CPU
	EndGlobalSection
	GlobalSection(ProjectConfigurationPlatforms) = postSolution
		{29B5C9DB-3321-4D13-BABF-5AAC415F094F}.Debug|Any CPU.ActiveCfg = Debug|Any CPU
		{29B5C9DB-3321-4D13-BABF-5AAC415F094F}.Debug|Any CPU.Build.0 = Debug|Any CPU
		{29B5C9DB-3321-4D13-BABF-5AAC415F094F}.Release|Any CPU.ActiveCfg = Release|Any CPU
		{29B5C9DB-3321-4D13-BABF-5AAC415F094F}.Release|Any CPU.Build.0 = Release|Any CPU
		{664388FE-BE40-41AB-AF2B-E529A839015E}.Debug|Any CPU.ActiveCfg = Debug|Any CPU
		{664388FE-BE40-41AB-AF2B-E529A839015E}.Debug|Any CPU.Build.0 = Debug|Any CPU
		{664388FE-BE40-41AB-AF2B-E529A839015E}.Release|Any CPU.ActiveCfg = Release|Any CPU
		{664388FE-BE40-41AB-AF2B-E529A839015E}.Release|Any CPU.Build.0 = Release|Any CPU
	EndGlobalSection
	GlobalSection(SolutionProperties) = preSolution
		HideSolutionNode = FALSE
	EndGlobalSection
	GlobalSection(ExtensibilityGlobals) = postSolution
		SolutionGuid = {272A236C-2717-43C4-9173-D6EC6FD3FB10}
	EndGlobalSection
EndGlobal
