
Microsoft Visual Studio Solution File, Format Version 12.00
# Visual Studio Version 17
VisualStudioVersion = 17.0.31912.275
MinimumVisualStudioVersion = 10.0.40219.1
Project("{FAE04EC0-301F-11D3-BF4B-00C04F79EFBC}") = "Final Task", "Final Task\Final Task.csproj", "{F6ED588E-0B73-4B5A-B2E2-91B33176528F}"
EndProject
Project("{FAE04EC0-301F-11D3-BF4B-00C04F79EFBC}") = "ClassLibrary", "ClassLibrary\ClassLibrary.csproj", "{71CBE11E-2CFC-4EBE-B3E3-134FA951ECA4}"
EndProject
Global
	GlobalSection(SolutionConfigurationPlatforms) = preSolution
		Debug|Any CPU = Debug|Any CPU
		Release|Any CPU = Release|Any CPU
	EndGlobalSection
	GlobalSection(ProjectConfigurationPlatforms) = postSolution
		{F6ED588E-0B73-4B5A-B2E2-91B33176528F}.Debug|Any CPU.ActiveCfg = Debug|Any CPU
		{F6ED588E-0B73-4B5A-B2E2-91B33176528F}.Debug|Any CPU.Build.0 = Debug|Any CPU
		{F6ED588E-0B73-4B5A-B2E2-91B33176528F}.Release|Any CPU.ActiveCfg = Release|Any CPU
		{F6ED588E-0B73-4B5A-B2E2-91B33176528F}.Release|Any CPU.Build.0 = Release|Any CPU
		{71CBE11E-2CFC-4EBE-B3E3-134FA951ECA4}.Debug|Any CPU.ActiveCfg = Debug|Any CPU
		{71CBE11E-2CFC-4EBE-B3E3-134FA951ECA4}.Debug|Any CPU.Build.0 = Debug|Any CPU
		{71CBE11E-2CFC-4EBE-B3E3-134FA951ECA4}.Release|Any CPU.ActiveCfg = Release|Any CPU
		{71CBE11E-2CFC-4EBE-B3E3-134FA951ECA4}.Release|Any CPU.Build.0 = Release|Any CPU
	EndGlobalSection
	GlobalSection(SolutionProperties) = preSolution
		HideSolutionNode = FALSE
	EndGlobalSection
	GlobalSection(ExtensibilityGlobals) = postSolution
		SolutionGuid = {C8175B53-1CD7-4C03-A4DB-26AFBA9D4707}
	EndGlobalSection
EndGlobal
